// !$*UTF8*$!
{
	archiveVersion = 1;
	classes = {
	};
	objectVersion = 50;
	objects = {

/* Begin PBXBuildFile section */
		860B638B24062B1B00D0E9C8 /* PublishStreamTopicView.swift in Sources */ = {isa = PBXBuildFile; fileRef = 860B638A24062B1B00D0E9C8 /* PublishStreamTopicView.swift */; };
		860B638D24062B2C00D0E9C8 /* PlayStreamTopicView.swift in Sources */ = {isa = PBXBuildFile; fileRef = 860B638C24062B2C00D0E9C8 /* PlayStreamTopicView.swift */; };
		861EE58C24285CDD00C177BE /* ZegoExpressEngine.framework in Frameworks */ = {isa = PBXBuildFile; fileRef = 8627F95424285823005AC040 /* ZegoExpressEngine.framework */; };
		861EE58D24285CDD00C177BE /* ZegoExpressEngine.framework in Embed Frameworks */ = {isa = PBXBuildFile; fileRef = 8627F95424285823005AC040 /* ZegoExpressEngine.framework */; settings = {ATTRIBUTES = (CodeSignOnCopy, RemoveHeadersOnCopy, ); }; };
		861EE5922428659A00C177BE /* AnyGestureRecognizer.swift in Sources */ = {isa = PBXBuildFile; fileRef = 861EE5912428659A00C177BE /* AnyGestureRecognizer.swift */; };
		8627F92224273A25005AC040 /* LazyView.swift in Sources */ = {isa = PBXBuildFile; fileRef = 8627F92124273A25005AC040 /* LazyView.swift */; };
		86A750652402D65900054309 /* QuickStartView.swift in Sources */ = {isa = PBXBuildFile; fileRef = 86A750642402D65900054309 /* QuickStartView.swift */; };
		86A750682402D67700054309 /* KeyCenter.swift in Sources */ = {isa = PBXBuildFile; fileRef = 86A750672402D67700054309 /* KeyCenter.swift */; };
		86A7506E2402E1B000054309 /* UIViewWrapper.swift in Sources */ = {isa = PBXBuildFile; fileRef = 86A7506D2402E1B000054309 /* UIViewWrapper.swift */; };
		86A750702404BE1100054309 /* HomeView.swift in Sources */ = {isa = PBXBuildFile; fileRef = 86A7506F2404BE1100054309 /* HomeView.swift */; };
		86BBF91F23FFAC6C0023BE95 /* AppDelegate.swift in Sources */ = {isa = PBXBuildFile; fileRef = 86BBF91E23FFAC6C0023BE95 /* AppDelegate.swift */; };
		86BBF92123FFAC6C0023BE95 /* SceneDelegate.swift in Sources */ = {isa = PBXBuildFile; fileRef = 86BBF92023FFAC6C0023BE95 /* SceneDelegate.swift */; };
		86BBF92523FFAC6F0023BE95 /* Assets.xcassets in Resources */ = {isa = PBXBuildFile; fileRef = 86BBF92423FFAC6F0023BE95 /* Assets.xcassets */; };
		86BBF92823FFAC6F0023BE95 /* Preview Assets.xcassets in Resources */ = {isa = PBXBuildFile; fileRef = 86BBF92723FFAC6F0023BE95 /* Preview Assets.xcassets */; };
		86BBF92B23FFAC6F0023BE95 /* LaunchScreen.storyboard in Resources */ = {isa = PBXBuildFile; fileRef = 86BBF92923FFAC6F0023BE95 /* LaunchScreen.storyboard */; };
		86CDE3822428B97600097F70 /* PublishStreamTopicManager.swift in Sources */ = {isa = PBXBuildFile; fileRef = 86CDE3812428B97600097F70 /* PublishStreamTopicManager.swift */; };
		86CDE3862429DC1400097F70 /* PlayStreamTopicManager.swift in Sources */ = {isa = PBXBuildFile; fileRef = 86CDE3852429DC1400097F70 /* PlayStreamTopicManager.swift */; };
		86CDE3882429DC8F00097F70 /* ZegoExtension.swift in Sources */ = {isa = PBXBuildFile; fileRef = 86CDE3872429DC8F00097F70 /* ZegoExtension.swift */; };
		86CDE394242A6D1700097F70 /* VideoTalkView.swift in Sources */ = {isa = PBXBuildFile; fileRef = 86CDE393242A6D1700097F70 /* VideoTalkView.swift */; };
		86CDE396242A739400097F70 /* VideoTalkManager.swift in Sources */ = {isa = PBXBuildFile; fileRef = 86CDE395242A739400097F70 /* VideoTalkManager.swift */; };
		86CDE398242A75DF00097F70 /* VideoTalkViewObject.swift in Sources */ = {isa = PBXBuildFile; fileRef = 86CDE397242A75DF00097F70 /* VideoTalkViewObject.swift */; };
		86CDE39C242A867400097F70 /* QGrid.swift in Sources */ = {isa = PBXBuildFile; fileRef = 86CDE39B242A867400097F70 /* QGrid.swift */; };
		86CDE3A3242BC39E00097F70 /* LogTextView.swift in Sources */ = {isa = PBXBuildFile; fileRef = 86CDE3A2242BC39E00097F70 /* LogTextView.swift */; };
		86E70D2824C6A34D00B54B42 /* AppGlobalConfigView.swift in Sources */ = {isa = PBXBuildFile; fileRef = 86E70D2724C6A34D00B54B42 /* AppGlobalConfigView.swift */; };
/* End PBXBuildFile section */

/* Begin PBXCopyFilesBuildPhase section */
		8627F92024268523005AC040 /* Embed Frameworks */ = {
			isa = PBXCopyFilesBuildPhase;
			buildActionMask = 2147483647;
			dstPath = "";
			dstSubfolderSpec = 10;
			files = (
				861EE58D24285CDD00C177BE /* ZegoExpressEngine.framework in Embed Frameworks */,
			);
			name = "Embed Frameworks";
			runOnlyForDeploymentPostprocessing = 0;
		};
/* End PBXCopyFilesBuildPhase section */

/* Begin PBXFileReference section */
		860B638A24062B1B00D0E9C8 /* PublishStreamTopicView.swift */ = {isa = PBXFileReference; lastKnownFileType = sourcecode.swift; path = PublishStreamTopicView.swift; sourceTree = "<group>"; };
		860B638C24062B2C00D0E9C8 /* PlayStreamTopicView.swift */ = {isa = PBXFileReference; lastKnownFileType = sourcecode.swift; path = PlayStreamTopicView.swift; sourceTree = "<group>"; };
		861EE5912428659A00C177BE /* AnyGestureRecognizer.swift */ = {isa = PBXFileReference; lastKnownFileType = sourcecode.swift; path = AnyGestureRecognizer.swift; sourceTree = "<group>"; };
		8627F92124273A25005AC040 /* LazyView.swift */ = {isa = PBXFileReference; lastKnownFileType = sourcecode.swift; path = LazyView.swift; sourceTree = "<group>"; };
		8627F95424285823005AC040 /* ZegoExpressEngine.framework */ = {isa = PBXFileReference; lastKnownFileType = wrapper.framework; path = ZegoExpressEngine.framework; sourceTree = "<group>"; };
		86A750642402D65900054309 /* QuickStartView.swift */ = {isa = PBXFileReference; lastKnownFileType = sourcecode.swift; path = QuickStartView.swift; sourceTree = "<group>"; };
		86A750672402D67700054309 /* KeyCenter.swift */ = {isa = PBXFileReference; lastKnownFileType = sourcecode.swift; path = KeyCenter.swift; sourceTree = "<group>"; };
		86A750692402D78E00054309 /* ZegoExpressExample-iOS-Swift-Bridging-Header.h */ = {isa = PBXFileReference; lastKnownFileType = sourcecode.c.h; path = "ZegoExpressExample-iOS-Swift-Bridging-Header.h"; sourceTree = "<group>"; };
		86A7506D2402E1B000054309 /* UIViewWrapper.swift */ = {isa = PBXFileReference; lastKnownFileType = sourcecode.swift; path = UIViewWrapper.swift; sourceTree = "<group>"; };
		86A7506F2404BE1100054309 /* HomeView.swift */ = {isa = PBXFileReference; lastKnownFileType = sourcecode.swift; path = HomeView.swift; sourceTree = "<group>"; };
		86BBF91B23FFAC6C0023BE95 /* ZegoExpressExample-iOS-Swift.app */ = {isa = PBXFileReference; explicitFileType = wrapper.application; includeInIndex = 0; path = "ZegoExpressExample-iOS-Swift.app"; sourceTree = BUILT_PRODUCTS_DIR; };
		86BBF91E23FFAC6C0023BE95 /* AppDelegate.swift */ = {isa = PBXFileReference; lastKnownFileType = sourcecode.swift; path = AppDelegate.swift; sourceTree = "<group>"; };
		86BBF92023FFAC6C0023BE95 /* SceneDelegate.swift */ = {isa = PBXFileReference; lastKnownFileType = sourcecode.swift; path = SceneDelegate.swift; sourceTree = "<group>"; };
		86BBF92423FFAC6F0023BE95 /* Assets.xcassets */ = {isa = PBXFileReference; lastKnownFileType = folder.assetcatalog; path = Assets.xcassets; sourceTree = "<group>"; };
		86BBF92723FFAC6F0023BE95 /* Preview Assets.xcassets */ = {isa = PBXFileReference; lastKnownFileType = folder.assetcatalog; path = "Preview Assets.xcassets"; sourceTree = "<group>"; };
		86BBF92A23FFAC6F0023BE95 /* Base */ = {isa = PBXFileReference; lastKnownFileType = file.storyboard; name = Base; path = Base.lproj/LaunchScreen.storyboard; sourceTree = "<group>"; };
		86BBF92C23FFAC6F0023BE95 /* Info.plist */ = {isa = PBXFileReference; lastKnownFileType = text.plist.xml; path = Info.plist; sourceTree = "<group>"; };
		86CDE3812428B97600097F70 /* PublishStreamTopicManager.swift */ = {isa = PBXFileReference; lastKnownFileType = sourcecode.swift; path = PublishStreamTopicManager.swift; sourceTree = "<group>"; };
		86CDE3852429DC1400097F70 /* PlayStreamTopicManager.swift */ = {isa = PBXFileReference; lastKnownFileType = sourcecode.swift; path = PlayStreamTopicManager.swift; sourceTree = "<group>"; };
		86CDE3872429DC8F00097F70 /* ZegoExtension.swift */ = {isa = PBXFileReference; lastKnownFileType = sourcecode.swift; path = ZegoExtension.swift; sourceTree = "<group>"; };
		86CDE393242A6D1700097F70 /* VideoTalkView.swift */ = {isa = PBXFileReference; lastKnownFileType = sourcecode.swift; path = VideoTalkView.swift; sourceTree = "<group>"; };
		86CDE395242A739400097F70 /* VideoTalkManager.swift */ = {isa = PBXFileReference; lastKnownFileType = sourcecode.swift; path = VideoTalkManager.swift; sourceTree = "<group>"; };
		86CDE397242A75DF00097F70 /* VideoTalkViewObject.swift */ = {isa = PBXFileReference; lastKnownFileType = sourcecode.swift; path = VideoTalkViewObject.swift; sourceTree = "<group>"; };
		86CDE39B242A867400097F70 /* QGrid.swift */ = {isa = PBXFileReference; fileEncoding = 4; lastKnownFileType = sourcecode.swift; path = QGrid.swift; sourceTree = "<group>"; };
		86CDE3A2242BC39E00097F70 /* LogTextView.swift */ = {isa = PBXFileReference; lastKnownFileType = sourcecode.swift; path = LogTextView.swift; sourceTree = "<group>"; };
		86E70D2724C6A34D00B54B42 /* AppGlobalConfigView.swift */ = {isa = PBXFileReference; lastKnownFileType = sourcecode.swift; path = AppGlobalConfigView.swift; sourceTree = "<group>"; };
		CDA843AF2526307E00D4FA27 /* SampleCode.xcconfig */ = {isa = PBXFileReference; fileEncoding = 4; lastKnownFileType = text.xcconfig; path = SampleCode.xcconfig; sourceTree = "<group>"; };
/* End PBXFileReference section */

/* Begin PBXFrameworksBuildPhase section */
		86BBF91823FFAC6C0023BE95 /* Frameworks */ = {
			isa = PBXFrameworksBuildPhase;
			buildActionMask = 2147483647;
			files = (
				861EE58C24285CDD00C177BE /* ZegoExpressEngine.framework in Frameworks */,
			);
			runOnlyForDeploymentPostprocessing = 0;
		};
/* End PBXFrameworksBuildPhase section */

/* Begin PBXGroup section */
		860B638824062AE100D0E9C8 /* PublishStream */ = {
			isa = PBXGroup;
			children = (
				860B638A24062B1B00D0E9C8 /* PublishStreamTopicView.swift */,
				86CDE3812428B97600097F70 /* PublishStreamTopicManager.swift */,
			);
			path = PublishStream;
			sourceTree = "<group>";
		};
		860B638924062AEA00D0E9C8 /* PlayStream */ = {
			isa = PBXGroup;
			children = (
				860B638C24062B2C00D0E9C8 /* PlayStreamTopicView.swift */,
				86CDE3852429DC1400097F70 /* PlayStreamTopicManager.swift */,
			);
			path = PlayStream;
			sourceTree = "<group>";
		};
		860B638E24062B8600D0E9C8 /* VideoTalk */ = {
			isa = PBXGroup;
			children = (
				86CDE393242A6D1700097F70 /* VideoTalkView.swift */,
				86CDE395242A739400097F70 /* VideoTalkManager.swift */,
				86CDE397242A75DF00097F70 /* VideoTalkViewObject.swift */,
			);
			path = VideoTalk;
			sourceTree = "<group>";
		};
		86A750622402D61400054309 /* Topics */ = {
			isa = PBXGroup;
			children = (
				86A750632402D61A00054309 /* QuickStart */,
				860B638824062AE100D0E9C8 /* PublishStream */,
				860B638924062AEA00D0E9C8 /* PlayStream */,
				860B638E24062B8600D0E9C8 /* VideoTalk */,
			);
			path = Topics;
			sourceTree = "<group>";
		};
		86A750632402D61A00054309 /* QuickStart */ = {
			isa = PBXGroup;
			children = (
				86A750642402D65900054309 /* QuickStartView.swift */,
			);
			path = QuickStart;
			sourceTree = "<group>";
		};
		86A750662402D66400054309 /* Helper */ = {
			isa = PBXGroup;
			children = (
				86A750672402D67700054309 /* KeyCenter.swift */,
				86CDE3872429DC8F00097F70 /* ZegoExtension.swift */,
				861EE5912428659A00C177BE /* AnyGestureRecognizer.swift */,
			);
			path = Helper;
			sourceTree = "<group>";
		};
		86BBF91223FFAC6C0023BE95 = {
			isa = PBXGroup;
			children = (
				86BBF93223FFACA40023BE95 /* Libs */,
				86BBF91D23FFAC6C0023BE95 /* ZegoExpressExample-iOS-Swift */,
				86BBF91C23FFAC6C0023BE95 /* Products */,
			);
			sourceTree = "<group>";
		};
		86BBF91C23FFAC6C0023BE95 /* Products */ = {
			isa = PBXGroup;
			children = (
				86BBF91B23FFAC6C0023BE95 /* ZegoExpressExample-iOS-Swift.app */,
			);
			name = Products;
			sourceTree = "<group>";
		};
		86BBF91D23FFAC6C0023BE95 /* ZegoExpressExample-iOS-Swift */ = {
			isa = PBXGroup;
			children = (
				86A750662402D66400054309 /* Helper */,
				86CDE39D242A86A400097F70 /* SupportingViews */,
				86A750622402D61400054309 /* Topics */,
				86E70D2624C6A30D00B54B42 /* HomePage */,
				86BBF91E23FFAC6C0023BE95 /* AppDelegate.swift */,
				86BBF92023FFAC6C0023BE95 /* SceneDelegate.swift */,
				86BBF92423FFAC6F0023BE95 /* Assets.xcassets */,
				86BBF92923FFAC6F0023BE95 /* LaunchScreen.storyboard */,
				86BBF92C23FFAC6F0023BE95 /* Info.plist */,
				86BBF92623FFAC6F0023BE95 /* Preview Content */,
				86A750692402D78E00054309 /* ZegoExpressExample-iOS-Swift-Bridging-Header.h */,
				CDA843AF2526307E00D4FA27 /* SampleCode.xcconfig */,
			);
			path = "ZegoExpressExample-iOS-Swift";
			sourceTree = "<group>";
		};
		86BBF92623FFAC6F0023BE95 /* Preview Content */ = {
			isa = PBXGroup;
			children = (
				86BBF92723FFAC6F0023BE95 /* Preview Assets.xcassets */,
			);
			path = "Preview Content";
			sourceTree = "<group>";
		};
		86BBF93223FFACA40023BE95 /* Libs */ = {
			isa = PBXGroup;
			children = (
				8627F95424285823005AC040 /* ZegoExpressEngine.framework */,
			);
			path = Libs;
			sourceTree = "<group>";
		};
		86CDE39D242A86A400097F70 /* SupportingViews */ = {
			isa = PBXGroup;
			children = (
				86A7506D2402E1B000054309 /* UIViewWrapper.swift */,
				8627F92124273A25005AC040 /* LazyView.swift */,
				86CDE39B242A867400097F70 /* QGrid.swift */,
				86CDE3A2242BC39E00097F70 /* LogTextView.swift */,
			);
			path = SupportingViews;
			sourceTree = "<group>";
		};
		86E70D2624C6A30D00B54B42 /* HomePage */ = {
			isa = PBXGroup;
			children = (
				86A7506F2404BE1100054309 /* HomeView.swift */,
				86E70D2724C6A34D00B54B42 /* AppGlobalConfigView.swift */,
			);
			path = HomePage;
			sourceTree = "<group>";
		};
/* End PBXGroup section */

/* Begin PBXNativeTarget section */
		86BBF91A23FFAC6C0023BE95 /* ZegoExpressExample-iOS-Swift */ = {
			isa = PBXNativeTarget;
			buildConfigurationList = 86BBF92F23FFAC6F0023BE95 /* Build configuration list for PBXNativeTarget "ZegoExpressExample-iOS-Swift" */;
			buildPhases = (
				86362A2A24626D8D000A55AB /* [Script] Download SDK If Need */,
				86362A2B24626DB1000A55AB /* [Script] Remove Simulator Architecture When Release */,
				86BBF91723FFAC6C0023BE95 /* Sources */,
				86BBF91823FFAC6C0023BE95 /* Frameworks */,
				86BBF91923FFAC6C0023BE95 /* Resources */,
				8627F92024268523005AC040 /* Embed Frameworks */,
			);
			buildRules = (
			);
			dependencies = (
			);
			name = "ZegoExpressExample-iOS-Swift";
			productName = "ZegoExpressExample-iOS-Swift";
			productReference = 86BBF91B23FFAC6C0023BE95 /* ZegoExpressExample-iOS-Swift.app */;
			productType = "com.apple.product-type.application";
		};
/* End PBXNativeTarget section */

/* Begin PBXProject section */
		86BBF91323FFAC6C0023BE95 /* Project object */ = {
			isa = PBXProject;
			attributes = {
				LastSwiftUpdateCheck = 1130;
				LastUpgradeCheck = 1200;
				ORGANIZATIONNAME = Zego;
				TargetAttributes = {
					86BBF91A23FFAC6C0023BE95 = {
						CreatedOnToolsVersion = 11.3.1;
						LastSwiftMigration = 1130;
					};
				};
			};
			buildConfigurationList = 86BBF91623FFAC6C0023BE95 /* Build configuration list for PBXProject "ZegoExpressExample-iOS-Swift" */;
			compatibilityVersion = "Xcode 9.3";
			developmentRegion = en;
			hasScannedForEncodings = 0;
			knownRegions = (
				en,
				Base,
			);
			mainGroup = 86BBF91223FFAC6C0023BE95;
			productRefGroup = 86BBF91C23FFAC6C0023BE95 /* Products */;
			projectDirPath = "";
			projectRoot = "";
			targets = (
				86BBF91A23FFAC6C0023BE95 /* ZegoExpressExample-iOS-Swift */,
			);
		};
/* End PBXProject section */

/* Begin PBXResourcesBuildPhase section */
		86BBF91923FFAC6C0023BE95 /* Resources */ = {
			isa = PBXResourcesBuildPhase;
			buildActionMask = 2147483647;
			files = (
				86BBF92B23FFAC6F0023BE95 /* LaunchScreen.storyboard in Resources */,
				86BBF92823FFAC6F0023BE95 /* Preview Assets.xcassets in Resources */,
				86BBF92523FFAC6F0023BE95 /* Assets.xcassets in Resources */,
			);
			runOnlyForDeploymentPostprocessing = 0;
		};
/* End PBXResourcesBuildPhase section */

/* Begin PBXShellScriptBuildPhase section */
		86362A2A24626D8D000A55AB /* [Script] Download SDK If Need */ = {
			isa = PBXShellScriptBuildPhase;
			buildActionMask = 2147483647;
			files = (
			);
			inputFileListPaths = (
			);
			inputPaths = (
			);
			name = "[Script] Download SDK If Need";
			outputFileListPaths = (
			);
			outputPaths = (
			);
			runOnlyForDeploymentPostprocessing = 0;
			shellPath = /bin/sh;
			shellScript = "if [ ! -e \"Libs/ZegoExpressEngine.framework\" ]; then\n\n    cd $SRCROOT\n    echo \"[*] cd into: \"`pwd`\n\n    URL=\"https://storage.zego.im/express/video/ios/zego-express-video-ios.zip\"\n\n    if [ ! -d \"Libs/__sdk_download_tmp__\" ]; then\n        mkdir Libs/__sdk_download_tmp__\n    fi\n\n    echo \"[*] Downloading SDK from: $URL\"\n    curl \"$URL\" --output Libs/__sdk_download_tmp__/zego-express-video-ios.zip\n\n    cd Libs/__sdk_download_tmp__\n    echo \"[*] cd into: \"`pwd`\n\n    echo \"[*] Unzip zego-express-video-ios.zip\"\n    unzip -o zego-express-video-ios.zip\n\n    for element in `ls`; do\n        dir=$element\n        if [ -d $dir ]; then\n            cd $dir\n            echo \"[*] cd into: \"`pwd`\n            break\n        fi\n    done\n\n    if [ -d \"armv7-arm64-x86_64\" ]; then\n        cd armv7-arm64-x86_64\n        echo \"[*] cd into: \"`pwd`\n        echo \"[*] Move ZegoExpressEngine.framework from: \"`pwd`\" to: $SRCROOT/Libs\"\n        mv ZegoExpressEngine.framework $SRCROOT/Libs\n    fi\n\n    echo \"[*] Remove folder: $SRCROOT/Libs/__sdk_download_tmp__\"\n    rm -rf $SRCROOT/Libs/__sdk_download_tmp__\nfi\n";
		};
		86362A2B24626DB1000A55AB /* [Script] Remove Simulator Architecture When Release */ = {
			isa = PBXShellScriptBuildPhase;
			buildActionMask = 2147483647;
			files = (
			);
			inputFileListPaths = (
			);
			inputPaths = (
			);
			name = "[Script] Remove Simulator Architecture When Release";
			outputFileListPaths = (
			);
			outputPaths = (
			);
			runOnlyForDeploymentPostprocessing = 0;
			shellPath = /bin/sh;
			shellScript = "if [ $CONFIGURATION == \"Release\" ]; then\n\n    echo \"[*] Build release, remove simulator architecture\"\n\n    cd Libs/ZegoExpressEngine.framework\n    echo \"[*] cd into: \"`pwd`\n\n    if [ -e \"ZegoExpressEngine\" ]; then\n\n        lipo -info ZegoExpressEngine\n\n        echo \"[*] remove i386 architecture\"\n        lipo ZegoExpressEngine -remove i386 -output ZegoExpressEngine\n\n        echo \"[*] remove x86_64 architecture\"\n        lipo ZegoExpressEngine -remove x86_64 -output ZegoExpressEngine\n\n        lipo -info ZegoExpressEngine\n\n    fi\n\nfi\n";
		};
/* End PBXShellScriptBuildPhase section */

/* Begin PBXSourcesBuildPhase section */
		86BBF91723FFAC6C0023BE95 /* Sources */ = {
			isa = PBXSourcesBuildPhase;
			buildActionMask = 2147483647;
			files = (
				86CDE396242A739400097F70 /* VideoTalkManager.swift in Sources */,
				860B638D24062B2C00D0E9C8 /* PlayStreamTopicView.swift in Sources */,
				86A750652402D65900054309 /* QuickStartView.swift in Sources */,
				861EE5922428659A00C177BE /* AnyGestureRecognizer.swift in Sources */,
				86CDE3862429DC1400097F70 /* PlayStreamTopicManager.swift in Sources */,
				86A750702404BE1100054309 /* HomeView.swift in Sources */,
				86A7506E2402E1B000054309 /* UIViewWrapper.swift in Sources */,
				860B638B24062B1B00D0E9C8 /* PublishStreamTopicView.swift in Sources */,
				86A750682402D67700054309 /* KeyCenter.swift in Sources */,
				86CDE398242A75DF00097F70 /* VideoTalkViewObject.swift in Sources */,
				86BBF91F23FFAC6C0023BE95 /* AppDelegate.swift in Sources */,
				8627F92224273A25005AC040 /* LazyView.swift in Sources */,
				86CDE3822428B97600097F70 /* PublishStreamTopicManager.swift in Sources */,
				86BBF92123FFAC6C0023BE95 /* SceneDelegate.swift in Sources */,
				86CDE39C242A867400097F70 /* QGrid.swift in Sources */,
				86CDE3A3242BC39E00097F70 /* LogTextView.swift in Sources */,
				86CDE394242A6D1700097F70 /* VideoTalkView.swift in Sources */,
				86E70D2824C6A34D00B54B42 /* AppGlobalConfigView.swift in Sources */,
				86CDE3882429DC8F00097F70 /* ZegoExtension.swift in Sources */,
			);
			runOnlyForDeploymentPostprocessing = 0;
		};
/* End PBXSourcesBuildPhase section */

/* Begin PBXVariantGroup section */
		86BBF92923FFAC6F0023BE95 /* LaunchScreen.storyboard */ = {
			isa = PBXVariantGroup;
			children = (
				86BBF92A23FFAC6F0023BE95 /* Base */,
			);
			name = LaunchScreen.storyboard;
			sourceTree = "<group>";
		};
/* End PBXVariantGroup section */

/* Begin XCBuildConfiguration section */
		86BBF92D23FFAC6F0023BE95 /* Debug */ = {
			isa = XCBuildConfiguration;
			baseConfigurationReference = CDA843AF2526307E00D4FA27 /* SampleCode.xcconfig */;
			buildSettings = {
				ALWAYS_SEARCH_USER_PATHS = NO;
				CLANG_ANALYZER_NONNULL = YES;
				CLANG_ANALYZER_NUMBER_OBJECT_CONVERSION = YES_AGGRESSIVE;
				CLANG_CXX_LANGUAGE_STANDARD = "gnu++14";
				CLANG_CXX_LIBRARY = "libc++";
				CLANG_ENABLE_MODULES = YES;
				CLANG_ENABLE_OBJC_ARC = YES;
				CLANG_ENABLE_OBJC_WEAK = YES;
				CLANG_WARN_BLOCK_CAPTURE_AUTORELEASING = YES;
				CLANG_WARN_BOOL_CONVERSION = YES;
				CLANG_WARN_COMMA = YES;
				CLANG_WARN_CONSTANT_CONVERSION = YES;
				CLANG_WARN_DEPRECATED_OBJC_IMPLEMENTATIONS = YES;
				CLANG_WARN_DIRECT_OBJC_ISA_USAGE = YES_ERROR;
				CLANG_WARN_DOCUMENTATION_COMMENTS = YES;
				CLANG_WARN_EMPTY_BODY = YES;
				CLANG_WARN_ENUM_CONVERSION = YES;
				CLANG_WARN_INFINITE_RECURSION = YES;
				CLANG_WARN_INT_CONVERSION = YES;
				CLANG_WARN_NON_LITERAL_NULL_CONVERSION = YES;
				CLANG_WARN_OBJC_IMPLICIT_RETAIN_SELF = YES;
				CLANG_WARN_OBJC_LITERAL_CONVERSION = YES;
				CLANG_WARN_OBJC_ROOT_CLASS = YES_ERROR;
				CLANG_WARN_QUOTED_INCLUDE_IN_FRAMEWORK_HEADER = YES;
				CLANG_WARN_RANGE_LOOP_ANALYSIS = YES;
				CLANG_WARN_STRICT_PROTOTYPES = YES;
				CLANG_WARN_SUSPICIOUS_MOVE = YES;
				CLANG_WARN_UNGUARDED_AVAILABILITY = YES_AGGRESSIVE;
				CLANG_WARN_UNREACHABLE_CODE = YES;
				CLANG_WARN__DUPLICATE_METHOD_MATCH = YES;
				COPY_PHASE_STRIP = NO;
				DEBUG_INFORMATION_FORMAT = dwarf;
				ENABLE_STRICT_OBJC_MSGSEND = YES;
				ENABLE_TESTABILITY = YES;
				GCC_C_LANGUAGE_STANDARD = gnu11;
				GCC_DYNAMIC_NO_PIC = NO;
				GCC_NO_COMMON_BLOCKS = YES;
				GCC_OPTIMIZATION_LEVEL = 0;
				GCC_PREPROCESSOR_DEFINITIONS = (
					"DEBUG=1",
					"$(inherited)",
				);
				GCC_WARN_64_TO_32_BIT_CONVERSION = YES;
				GCC_WARN_ABOUT_RETURN_TYPE = YES_ERROR;
				GCC_WARN_UNDECLARED_SELECTOR = YES;
				GCC_WARN_UNINITIALIZED_AUTOS = YES_AGGRESSIVE;
				GCC_WARN_UNUSED_FUNCTION = YES;
				GCC_WARN_UNUSED_VARIABLE = YES;
				IPHONEOS_DEPLOYMENT_TARGET = 13.0;
				MTL_ENABLE_DEBUG_INFO = INCLUDE_SOURCE;
				MTL_FAST_MATH = YES;
				ONLY_ACTIVE_ARCH = YES;
				SDKROOT = iphoneos;
				SWIFT_ACTIVE_COMPILATION_CONDITIONS = DEBUG;
				SWIFT_OPTIMIZATION_LEVEL = "-Onone";
			};
			name = Debug;
		};
		86BBF92E23FFAC6F0023BE95 /* Release */ = {
			isa = XCBuildConfiguration;
			baseConfigurationReference = CDA843AF2526307E00D4FA27 /* SampleCode.xcconfig */;
			buildSettings = {
				ALWAYS_SEARCH_USER_PATHS = NO;
				CLANG_ANALYZER_NONNULL = YES;
				CLANG_ANALYZER_NUMBER_OBJECT_CONVERSION = YES_AGGRESSIVE;
				CLANG_CXX_LANGUAGE_STANDARD = "gnu++14";
				CLANG_CXX_LIBRARY = "libc++";
				CLANG_ENABLE_MODULES = YES;
				CLANG_ENABLE_OBJC_ARC = YES;
				CLANG_ENABLE_OBJC_WEAK = YES;
				CLANG_WARN_BLOCK_CAPTURE_AUTORELEASING = YES;
				CLANG_WARN_BOOL_CONVERSION = YES;
				CLANG_WARN_COMMA = YES;
				CLANG_WARN_CONSTANT_CONVERSION = YES;
				CLANG_WARN_DEPRECATED_OBJC_IMPLEMENTATIONS = YES;
				CLANG_WARN_DIRECT_OBJC_ISA_USAGE = YES_ERROR;
				CLANG_WARN_DOCUMENTATION_COMMENTS = YES;
				CLANG_WARN_EMPTY_BODY = YES;
				CLANG_WARN_ENUM_CONVERSION = YES;
				CLANG_WARN_INFINITE_RECURSION = YES;
				CLANG_WARN_INT_CONVERSION = YES;
				CLANG_WARN_NON_LITERAL_NULL_CONVERSION = YES;
				CLANG_WARN_OBJC_IMPLICIT_RETAIN_SELF = YES;
				CLANG_WARN_OBJC_LITERAL_CONVERSION = YES;
				CLANG_WARN_OBJC_ROOT_CLASS = YES_ERROR;
				CLANG_WARN_QUOTED_INCLUDE_IN_FRAMEWORK_HEADER = YES;
				CLANG_WARN_RANGE_LOOP_ANALYSIS = YES;
				CLANG_WARN_STRICT_PROTOTYPES = YES;
				CLANG_WARN_SUSPICIOUS_MOVE = YES;
				CLANG_WARN_UNGUARDED_AVAILABILITY = YES_AGGRESSIVE;
				CLANG_WARN_UNREACHABLE_CODE = YES;
				CLANG_WARN__DUPLICATE_METHOD_MATCH = YES;
				COPY_PHASE_STRIP = NO;
				DEBUG_INFORMATION_FORMAT = "dwarf-with-dsym";
				ENABLE_NS_ASSERTIONS = NO;
				ENABLE_STRICT_OBJC_MSGSEND = YES;
				GCC_C_LANGUAGE_STANDARD = gnu11;
				GCC_NO_COMMON_BLOCKS = YES;
				GCC_WARN_64_TO_32_BIT_CONVERSION = YES;
				GCC_WARN_ABOUT_RETURN_TYPE = YES_ERROR;
				GCC_WARN_UNDECLARED_SELECTOR = YES;
				GCC_WARN_UNINITIALIZED_AUTOS = YES_AGGRESSIVE;
				GCC_WARN_UNUSED_FUNCTION = YES;
				GCC_WARN_UNUSED_VARIABLE = YES;
				IPHONEOS_DEPLOYMENT_TARGET = 13.0;
				MTL_ENABLE_DEBUG_INFO = NO;
				MTL_FAST_MATH = YES;
				SDKROOT = iphoneos;
				SWIFT_COMPILATION_MODE = wholemodule;
				SWIFT_OPTIMIZATION_LEVEL = "-O";
				VALIDATE_PRODUCT = YES;
			};
			name = Release;
		};
		86BBF93023FFAC6F0023BE95 /* Debug */ = {
			isa = XCBuildConfiguration;
			baseConfigurationReference = CDA843AF2526307E00D4FA27 /* SampleCode.xcconfig */;
			buildSettings = {
				ASSETCATALOG_COMPILER_APPICON_NAME = AppIcon;
				CLANG_ENABLE_MODULES = YES;
				CODE_SIGN_IDENTITY = "Apple Development";
				CODE_SIGN_STYLE = Automatic;
				CURRENT_PROJECT_VERSION = 201119;
				DEVELOPMENT_ASSET_PATHS = "\"ZegoExpressExample-iOS-Swift/Preview Content\"";
				DEVELOPMENT_TEAM = "";
				ENABLE_PREVIEWS = YES;
				FRAMEWORK_SEARCH_PATHS = (
					"$(inherited)",
					"$(PROJECT_DIR)/Libs",
				);
				INFOPLIST_FILE = "ZegoExpressExample-iOS-Swift/Info.plist";
				IPHONEOS_DEPLOYMENT_TARGET = 13.0;
				LD_RUNPATH_SEARCH_PATHS = (
					"$(inherited)",
					"@executable_path/Frameworks",
				);
				MARKETING_VERSION = 1.18.0;
				PRODUCT_BUNDLE_IDENTIFIER = "im.zego.ZegoExpressExample-iOS-Swift.${SAMPLE_CODE_DISAMBIGUATOR}";
				PRODUCT_NAME = "$(TARGET_NAME)";
				SWIFT_OBJC_BRIDGING_HEADER = "ZegoExpressExample-iOS-Swift/ZegoExpressExample-iOS-Swift-Bridging-Header.h";
				SWIFT_OPTIMIZATION_LEVEL = "-Onone";
				SWIFT_VERSION = 5.0;
				TARGETED_DEVICE_FAMILY = "1,2";
			};
			name = Debug;
		};
		86BBF93123FFAC6F0023BE95 /* Release */ = {
			isa = XCBuildConfiguration;
			baseConfigurationReference = CDA843AF2526307E00D4FA27 /* SampleCode.xcconfig */;
			buildSettings = {
				ASSETCATALOG_COMPILER_APPICON_NAME = AppIcon;
				CLANG_ENABLE_MODULES = YES;
				CODE_SIGN_IDENTITY = "Apple Development";
				CODE_SIGN_STYLE = Automatic;
				CURRENT_PROJECT_VERSION = 201119;
				DEVELOPMENT_ASSET_PATHS = "\"ZegoExpressExample-iOS-Swift/Preview Content\"";
				DEVELOPMENT_TEAM = "";
				ENABLE_PREVIEWS = YES;
				FRAMEWORK_SEARCH_PATHS = (
					"$(inherited)",
					"$(PROJECT_DIR)/Libs",
				);
				INFOPLIST_FILE = "ZegoExpressExample-iOS-Swift/Info.plist";
				IPHONEOS_DEPLOYMENT_TARGET = 13.0;
				LD_RUNPATH_SEARCH_PATHS = (
					"$(inherited)",
					"@executable_path/Frameworks",
				);
				MARKETING_VERSION = 1.18.0;
				PRODUCT_BUNDLE_IDENTIFIER = "im.zego.ZegoExpressExample-iOS-Swift.${SAMPLE_CODE_DISAMBIGUATOR}";
				PRODUCT_NAME = "$(TARGET_NAME)";
				SWIFT_OBJC_BRIDGING_HEADER = "ZegoExpressExample-iOS-Swift/ZegoExpressExample-iOS-Swift-Bridging-Header.h";
				SWIFT_VERSION = 5.0;
				TARGETED_DEVICE_FAMILY = "1,2";
			};
			name = Release;
		};
/* End XCBuildConfiguration section */

/* Begin XCConfigurationList section */
		86BBF91623FFAC6C0023BE95 /* Build configuration list for PBXProject "ZegoExpressExample-iOS-Swift" */ = {
			isa = XCConfigurationList;
			buildConfigurations = (
				86BBF92D23FFAC6F0023BE95 /* Debug */,
				86BBF92E23FFAC6F0023BE95 /* Release */,
			);
			defaultConfigurationIsVisible = 0;
			defaultConfigurationName = Release;
		};
		86BBF92F23FFAC6F0023BE95 /* Build configuration list for PBXNativeTarget "ZegoExpressExample-iOS-Swift" */ = {
			isa = XCConfigurationList;
			buildConfigurations = (
				86BBF93023FFAC6F0023BE95 /* Debug */,
				86BBF93123FFAC6F0023BE95 /* Release */,
			);
			defaultConfigurationIsVisible = 0;
			defaultConfigurationName = Release;
		};
/* End XCConfigurationList section */
	};
	rootObject = 86BBF91323FFAC6C0023BE95 /* Project object */;
}
